// !$*UTF8*$!
{
	archiveVersion = 1;
	classes = {
	};
	objectVersion = 46;
	objects = {

/* Begin PBXBuildFile section */
		110F29CB1A15C953003972F0 /* AppDelegate.swift in Sources */ = {isa = PBXBuildFile; fileRef = 110F29CA1A15C953003972F0 /* AppDelegate.swift */; };
		110F29CD1A15C953003972F0 /* ViewController.swift in Sources */ = {isa = PBXBuildFile; fileRef = 110F29CC1A15C953003972F0 /* ViewController.swift */; };
		110F29D01A15C953003972F0 /* Main.storyboard in Resources */ = {isa = PBXBuildFile; fileRef = 110F29CE1A15C953003972F0 /* Main.storyboard */; };
		110F29D21A15C953003972F0 /* Images.xcassets in Resources */ = {isa = PBXBuildFile; fileRef = 110F29D11A15C953003972F0 /* Images.xcassets */; };
		110F29D51A15C953003972F0 /* LaunchScreen.xib in Resources */ = {isa = PBXBuildFile; fileRef = 110F29D31A15C953003972F0 /* LaunchScreen.xib */; };
		110F29E11A15C953003972F0 /* lionsAndTigersTests.swift in Sources */ = {isa = PBXBuildFile; fileRef = 110F29E01A15C953003972F0 /* lionsAndTigersTests.swift */; };
		110F29EB1A15CC6E003972F0 /* Tiger.swift in Sources */ = {isa = PBXBuildFile; fileRef = 110F29EA1A15CC6E003972F0 /* Tiger.swift */; };
		110F29F41A15CE74003972F0 /* LionCub2.jpeg in Resources */ = {isa = PBXBuildFile; fileRef = 110F29EC1A15CE74003972F0 /* LionCub2.jpeg */; };
		110F29F51A15CE74003972F0 /* MalayanTiger.jpg in Resources */ = {isa = PBXBuildFile; fileRef = 110F29ED1A15CE74003972F0 /* MalayanTiger.jpg */; };
		110F29F61A15CE74003972F0 /* LionCub1.jpg in Resources */ = {isa = PBXBuildFile; fileRef = 110F29EE1A15CE74003972F0 /* LionCub1.jpg */; };
		110F29F71A15CE74003972F0 /* Lion.jpg in Resources */ = {isa = PBXBuildFile; fileRef = 110F29EF1A15CE74003972F0 /* Lion.jpg */; };
		110F29F81A15CE74003972F0 /* IndochineseTiger.jpg in Resources */ = {isa = PBXBuildFile; fileRef = 110F29F01A15CE74003972F0 /* IndochineseTiger.jpg */; };
		110F29F91A15CE74003972F0 /* SiberianTiger.jpg in Resources */ = {isa = PBXBuildFile; fileRef = 110F29F11A15CE74003972F0 /* SiberianTiger.jpg */; };
		110F29FA1A15CE74003972F0 /* BengalTiger.jpg in Resources */ = {isa = PBXBuildFile; fileRef = 110F29F21A15CE74003972F0 /* BengalTiger.jpg */; };
		110F29FB1A15CE74003972F0 /* Lioness.jpeg in Resources */ = {isa = PBXBuildFile; fileRef = 110F29F31A15CE74003972F0 /* Lioness.jpeg */; };
/* End PBXBuildFile section */

/* Begin PBXContainerItemProxy section */
		110F29DB1A15C953003972F0 /* PBXContainerItemProxy */ = {
			isa = PBXContainerItemProxy;
			containerPortal = 110F29BD1A15C953003972F0 /* Project object */;
			proxyType = 1;
			remoteGlobalIDString = 110F29C41A15C953003972F0;
			remoteInfo = lionsAndTigers;
		};
/* End PBXContainerItemProxy section */

/* Begin PBXFileReference section */
		110F29C51A15C953003972F0 /* lionsAndTigers.app */ = {isa = PBXFileReference; explicitFileType = wrapper.application; includeInIndex = 0; path = lionsAndTigers.app; sourceTree = BUILT_PRODUCTS_DIR; };
		110F29C91A15C953003972F0 /* Info.plist */ = {isa = PBXFileReference; lastKnownFileType = text.plist.xml; path = Info.plist; sourceTree = "<group>"; };
		110F29CA1A15C953003972F0 /* AppDelegate.swift */ = {isa = PBXFileReference; lastKnownFileType = sourcecode.swift; path = AppDelegate.swift; sourceTree = "<group>"; };
		110F29CC1A15C953003972F0 /* ViewController.swift */ = {isa = PBXFileReference; lastKnownFileType = sourcecode.swift; path = ViewController.swift; sourceTree = "<group>"; };
		110F29CF1A15C953003972F0 /* Base */ = {isa = PBXFileReference; lastKnownFileType = file.storyboard; name = Base; path = Base.lproj/Main.storyboard; sourceTree = "<group>"; };
		110F29D11A15C953003972F0 /* Images.xcassets */ = {isa = PBXFileReference; lastKnownFileType = folder.assetcatalog; path = Images.xcassets; sourceTree = "<group>"; };
		110F29D41A15C953003972F0 /* Base */ = {isa = PBXFileReference; lastKnownFileType = file.xib; name = Base; path = Base.lproj/LaunchScreen.xib; sourceTree = "<group>"; };
		110F29DA1A15C953003972F0 /* lionsAndTigersTests.xctest */ = {isa = PBXFileReference; explicitFileType = wrapper.cfbundle; includeInIndex = 0; path = lionsAndTigersTests.xctest; sourceTree = BUILT_PRODUCTS_DIR; };
		110F29DF1A15C953003972F0 /* Info.plist */ = {isa = PBXFileReference; lastKnownFileType = text.plist.xml; path = Info.plist; sourceTree = "<group>"; };
		110F29E01A15C953003972F0 /* lionsAndTigersTests.swift */ = {isa = PBXFileReference; lastKnownFileType = sourcecode.swift; path = lionsAndTigersTests.swift; sourceTree = "<group>"; };
		110F29EA1A15CC6E003972F0 /* Tiger.swift */ = {isa = PBXFileReference; fileEncoding = 4; lastKnownFileType = sourcecode.swift; path = Tiger.swift; sourceTree = "<group>"; };
		110F29EC1A15CE74003972F0 /* LionCub2.jpeg */ = {isa = PBXFileReference; lastKnownFileType = image.jpeg; path = LionCub2.jpeg; sourceTree = "<group>"; };
		110F29ED1A15CE74003972F0 /* MalayanTiger.jpg */ = {isa = PBXFileReference; lastKnownFileType = image.jpeg; path = MalayanTiger.jpg; sourceTree = "<group>"; };
		110F29EE1A15CE74003972F0 /* LionCub1.jpg */ = {isa = PBXFileReference; lastKnownFileType = image.jpeg; path = LionCub1.jpg; sourceTree = "<group>"; };
		110F29EF1A15CE74003972F0 /* Lion.jpg */ = {isa = PBXFileReference; lastKnownFileType = image.jpeg; path = Lion.jpg; sourceTree = "<group>"; };
		110F29F01A15CE74003972F0 /* IndochineseTiger.jpg */ = {isa = PBXFileReference; lastKnownFileType = image.jpeg; path = IndochineseTiger.jpg; sourceTree = "<group>"; };
		110F29F11A15CE74003972F0 /* SiberianTiger.jpg */ = {isa = PBXFileReference; lastKnownFileType = image.jpeg; path = SiberianTiger.jpg; sourceTree = "<group>"; };
		110F29F21A15CE74003972F0 /* BengalTiger.jpg */ = {isa = PBXFileReference; lastKnownFileType = image.jpeg; path = BengalTiger.jpg; sourceTree = "<group>"; };
		110F29F31A15CE74003972F0 /* Lioness.jpeg */ = {isa = PBXFileReference; lastKnownFileType = image.jpeg; path = Lioness.jpeg; sourceTree = "<group>"; };
/* End PBXFileReference section */

/* Begin PBXFrameworksBuildPhase section */
		110F29C21A15C953003972F0 /* Frameworks */ = {
			isa = PBXFrameworksBuildPhase;
			buildActionMask = 2147483647;
			files = (
			);
			runOnlyForDeploymentPostprocessing = 0;
		};
		110F29D71A15C953003972F0 /* Frameworks */ = {
			isa = PBXFrameworksBuildPhase;
			buildActionMask = 2147483647;
			files = (
			);
			runOnlyForDeploymentPostprocessing = 0;
		};
/* End PBXFrameworksBuildPhase section */

/* Begin PBXGroup section */
		110F29BC1A15C953003972F0 = {
			isa = PBXGroup;
			children = (
				110F29C71A15C953003972F0 /* lionsAndTigers */,
				110F29DD1A15C953003972F0 /* lionsAndTigersTests */,
				110F29C61A15C953003972F0 /* Products */,
			);
			sourceTree = "<group>";
		};
		110F29C61A15C953003972F0 /* Products */ = {
			isa = PBXGroup;
			children = (
				110F29C51A15C953003972F0 /* lionsAndTigers.app */,
				110F29DA1A15C953003972F0 /* lionsAndTigersTests.xctest */,
			);
			name = Products;
			sourceTree = "<group>";
		};
		110F29C71A15C953003972F0 /* lionsAndTigers */ = {
			isa = PBXGroup;
			children = (
				110F29CA1A15C953003972F0 /* AppDelegate.swift */,
				110F29CC1A15C953003972F0 /* ViewController.swift */,
				110F29EA1A15CC6E003972F0 /* Tiger.swift */,
				110F29CE1A15C953003972F0 /* Main.storyboard */,
				110F29D11A15C953003972F0 /* Images.xcassets */,
				110F29D31A15C953003972F0 /* LaunchScreen.xib */,
				110F29C81A15C953003972F0 /* Supporting Files */,
			);
			path = lionsAndTigers;
			sourceTree = "<group>";
		};
		110F29C81A15C953003972F0 /* Supporting Files */ = {
			isa = PBXGroup;
			children = (
				110F29EC1A15CE74003972F0 /* LionCub2.jpeg */,
				110F29ED1A15CE74003972F0 /* MalayanTiger.jpg */,
				110F29EE1A15CE74003972F0 /* LionCub1.jpg */,
				110F29EF1A15CE74003972F0 /* Lion.jpg */,
				110F29F01A15CE74003972F0 /* IndochineseTiger.jpg */,
				110F29F11A15CE74003972F0 /* SiberianTiger.jpg */,
				110F29F21A15CE74003972F0 /* BengalTiger.jpg */,
				110F29F31A15CE74003972F0 /* Lioness.jpeg */,
				110F29C91A15C953003972F0 /* Info.plist */,
			);
			name = "Supporting Files";
			sourceTree = "<group>";
		};
		110F29DD1A15C953003972F0 /* lionsAndTigersTests */ = {
			isa = PBXGroup;
			children = (
				110F29E01A15C953003972F0 /* lionsAndTigersTests.swift */,
				110F29DE1A15C953003972F0 /* Supporting Files */,
			);
			path = lionsAndTigersTests;
			sourceTree = "<group>";
		};
		110F29DE1A15C953003972F0 /* Supporting Files */ = {
			isa = PBXGroup;
			children = (
				110F29DF1A15C953003972F0 /* Info.plist */,
			);
			name = "Supporting Files";
			sourceTree = "<group>";
		};
/* End PBXGroup section */

/* Begin PBXNativeTarget section */
		110F29C41A15C953003972F0 /* lionsAndTigers */ = {
			isa = PBXNativeTarget;
			buildConfigurationList = 110F29E41A15C953003972F0 /* Build configuration list for PBXNativeTarget "lionsAndTigers" */;
			buildPhases = (
				110F29C11A15C953003972F0 /* Sources */,
				110F29C21A15C953003972F0 /* Frameworks */,
				110F29C31A15C953003972F0 /* Resources */,
			);
			buildRules = (
			);
			dependencies = (
			);
			name = lionsAndTigers;
			productName = lionsAndTigers;
			productReference = 110F29C51A15C953003972F0 /* lionsAndTigers.app */;
			productType = "com.apple.product-type.application";
		};
		110F29D91A15C953003972F0 /* lionsAndTigersTests */ = {
			isa = PBXNativeTarget;
			buildConfigurationList = 110F29E71A15C953003972F0 /* Build configuration list for PBXNativeTarget "lionsAndTigersTests" */;
			buildPhases = (
				110F29D61A15C953003972F0 /* Sources */,
				110F29D71A15C953003972F0 /* Frameworks */,
				110F29D81A15C953003972F0 /* Resources */,
			);
			buildRules = (
			);
			dependencies = (
				110F29DC1A15C953003972F0 /* PBXTargetDependency */,
			);
			name = lionsAndTigersTests;
			productName = lionsAndTigersTests;
			productReference = 110F29DA1A15C953003972F0 /* lionsAndTigersTests.xctest */;
			productType = "com.apple.product-type.bundle.unit-test";
		};
/* End PBXNativeTarget section */

/* Begin PBXProject section */
		110F29BD1A15C953003972F0 /* Project object */ = {
			isa = PBXProject;
			attributes = {
				LastUpgradeCheck = 0610;
				ORGANIZATIONNAME = "victor sanchez";
				TargetAttributes = {
					110F29C41A15C953003972F0 = {
						CreatedOnToolsVersion = 6.1;
					};
					110F29D91A15C953003972F0 = {
						CreatedOnToolsVersion = 6.1;
						TestTargetID = 110F29C41A15C953003972F0;
					};
				};
			};
			buildConfigurationList = 110F29C01A15C953003972F0 /* Build configuration list for PBXProject "lionsAndTigers" */;
			compatibilityVersion = "Xcode 3.2";
			developmentRegion = English;
			hasScannedForEncodings = 0;
			knownRegions = (
				en,
				Base,
			);
			mainGroup = 110F29BC1A15C953003972F0;
			productRefGroup = 110F29C61A15C953003972F0 /* Products */;
			projectDirPath = "";
			projectRoot = "";
			targets = (
				110F29C41A15C953003972F0 /* lionsAndTigers */,
				110F29D91A15C953003972F0 /* lionsAndTigersTests */,
			);
		};
/* End PBXProject section */

/* Begin PBXResourcesBuildPhase section */
		110F29C31A15C953003972F0 /* Resources */ = {
			isa = PBXResourcesBuildPhase;
			buildActionMask = 2147483647;
			files = (
				110F29F51A15CE74003972F0 /* MalayanTiger.jpg in Resources */,
				110F29F91A15CE74003972F0 /* SiberianTiger.jpg in Resources */,
				110F29D01A15C953003972F0 /* Main.storyboard in Resources */,
				110F29F61A15CE74003972F0 /* LionCub1.jpg in Resources */,
				110F29FA1A15CE74003972F0 /* BengalTiger.jpg in Resources */,
				110F29D51A15C953003972F0 /* LaunchScreen.xib in Resources */,
				110F29D21A15C953003972F0 /* Images.xcassets in Resources */,
				110F29FB1A15CE74003972F0 /* Lioness.jpeg in Resources */,
				110F29F71A15CE74003972F0 /* Lion.jpg in Resources */,
				110F29F41A15CE74003972F0 /* LionCub2.jpeg in Resources */,
				110F29F81A15CE74003972F0 /* IndochineseTiger.jpg in Resources */,
			);
			runOnlyForDeploymentPostprocessing = 0;
		};
		110F29D81A15C953003972F0 /* Resources */ = {
			isa = PBXResourcesBuildPhase;
			buildActionMask = 2147483647;
			files = (
			);
			runOnlyForDeploymentPostprocessing = 0;
		};
/* End PBXResourcesBuildPhase section */

/* Begin PBXSourcesBuildPhase section */
		110F29C11A15C953003972F0 /* Sources */ = {
			isa = PBXSourcesBuildPhase;
			buildActionMask = 2147483647;
			files = (
				110F29CD1A15C953003972F0 /* ViewController.swift in Sources */,
				110F29EB1A15CC6E003972F0 /* Tiger.swift in Sources */,
				110F29CB1A15C953003972F0 /* AppDelegate.swift in Sources */,
			);
			runOnlyForDeploymentPostprocessing = 0;
		};
		110F29D61A15C953003972F0 /* Sources */ = {
			isa = PBXSourcesBuildPhase;
			buildActionMask = 2147483647;
			files = (
				110F29E11A15C953003972F0 /* lionsAndTigersTests.swift in Sources */,
			);
			runOnlyForDeploymentPostprocessing = 0;
		};
/* End PBXSourcesBuildPhase section */

/* Begin PBXTargetDependency section */
		110F29DC1A15C953003972F0 /* PBXTargetDependency */ = {
			isa = PBXTargetDependency;
			target = 110F29C41A15C953003972F0 /* lionsAndTigers */;
			targetProxy = 110F29DB1A15C953003972F0 /* PBXContainerItemProxy */;
		};
/* End PBXTargetDependency section */

/* Begin PBXVariantGroup section */
		110F29CE1A15C953003972F0 /* Main.storyboard */ = {
			isa = PBXVariantGroup;
			children = (
				110F29CF1A15C953003972F0 /* Base */,
			);
			name = Main.storyboard;
			sourceTree = "<group>";
		};
		110F29D31A15C953003972F0 /* LaunchScreen.xib */ = {
			isa = PBXVariantGroup;
			children = (
				110F29D41A15C953003972F0 /* Base */,
			);
			name = LaunchScreen.xib;
			sourceTree = "<group>";
		};
/* End PBXVariantGroup section */

/* Begin XCBuildConfiguration section */
		110F29E21A15C953003972F0 /* Debug */ = {
			isa = XCBuildConfiguration;
			buildSettings = {
				ALWAYS_SEARCH_USER_PATHS = NO;
				CLANG_CXX_LANGUAGE_STANDARD = "gnu++0x";
				CLANG_CXX_LIBRARY = "libc++";
				CLANG_ENABLE_MODULES = YES;
				CLANG_ENABLE_OBJC_ARC = YES;
				CLANG_WARN_BOOL_CONVERSION = YES;
				CLANG_WARN_CONSTANT_CONVERSION = YES;
				CLANG_WARN_DIRECT_OBJC_ISA_USAGE = YES_ERROR;
				CLANG_WARN_EMPTY_BODY = YES;
				CLANG_WARN_ENUM_CONVERSION = YES;
				CLANG_WARN_INT_CONVERSION = YES;
				CLANG_WARN_OBJC_ROOT_CLASS = YES_ERROR;
				CLANG_WARN_UNREACHABLE_CODE = YES;
				CLANG_WARN__DUPLICATE_METHOD_MATCH = YES;
				"CODE_SIGN_IDENTITY[sdk=iphoneos*]" = "iPhone Developer";
				COPY_PHASE_STRIP = NO;
				ENABLE_STRICT_OBJC_MSGSEND = YES;
				GCC_C_LANGUAGE_STANDARD = gnu99;
				GCC_DYNAMIC_NO_PIC = NO;
				GCC_OPTIMIZATION_LEVEL = 0;
				GCC_PREPROCESSOR_DEFINITIONS = (
					"DEBUG=1",
					"$(inherited)",
				);
				GCC_SYMBOLS_PRIVATE_EXTERN = NO;
				GCC_WARN_64_TO_32_BIT_CONVERSION = YES;
				GCC_WARN_ABOUT_RETURN_TYPE = YES_ERROR;
				GCC_WARN_UNDECLARED_SELECTOR = YES;
				GCC_WARN_UNINITIALIZED_AUTOS = YES_AGGRESSIVE;
				GCC_WARN_UNUSED_FUNCTION = YES;
				GCC_WARN_UNUSED_VARIABLE = YES;
				IPHONEOS_DEPLOYMENT_TARGET = 8.1;
				MTL_ENABLE_DEBUG_INFO = YES;
				ONLY_ACTIVE_ARCH = YES;
				SDKROOT = iphoneos;
				SWIFT_OPTIMIZATION_LEVEL = "-Onone";
				TARGETED_DEVICE_FAMILY = "1,2";
			};
			name = Debug;
		};
		110F29E31A15C953003972F0 /* Release */ = {
			isa = XCBuildConfiguration;
			buildSettings = {
				ALWAYS_SEARCH_USER_PATHS = NO;
				CLANG_CXX_LANGUAGE_STANDARD = "gnu++0x";
				CLANG_CXX_LIBRARY = "libc++";
				CLANG_ENABLE_MODULES = YES;
				CLANG_ENABLE_OBJC_ARC = YES;
				CLANG_WARN_BOOL_CONVERSION = YES;
				CLANG_WARN_CONSTANT_CONVERSION = YES;
				CLANG_WARN_DIRECT_OBJC_ISA_USAGE = YES_ERROR;
				CLANG_WARN_EMPTY_BODY = YES;
				CLANG_WARN_ENUM_CONVERSION = YES;
				CLANG_WARN_INT_CONVERSION = YES;
				CLANG_WARN_OBJC_ROOT_CLASS = YES_ERROR;
				CLANG_WARN_UNREACHABLE_CODE = YES;
				CLANG_WARN__DUPLICATE_METHOD_MATCH = YES;
				"CODE_SIGN_IDENTITY[sdk=iphoneos*]" = "iPhone Developer";
				COPY_PHASE_STRIP = YES;
				ENABLE_NS_ASSERTIONS = NO;
				ENABLE_STRICT_OBJC_MSGSEND = YES;
				GCC_C_LANGUAGE_STANDARD = gnu99;
				GCC_WARN_64_TO_32_BIT_CONVERSION = YES;
				GCC_WARN_ABOUT_RETURN_TYPE = YES_ERROR;
				GCC_WARN_UNDECLARED_SELECTOR = YES;
				GCC_WARN_UNINITIALIZED_AUTOS = YES_AGGRESSIVE;
				GCC_WARN_UNUSED_FUNCTION = YES;
				GCC_WARN_UNUSED_VARIABLE = YES;
				IPHONEOS_DEPLOYMENT_TARGET = 8.1;
				MTL_ENABLE_DEBUG_INFO = NO;
				SDKROOT = iphoneos;
				TARGETED_DEVICE_FAMILY = "1,2";
				VALIDATE_PRODUCT = YES;
			};
			name = Release;
		};
		110F29E51A15C953003972F0 /* Debug */ = {
			isa = XCBuildConfiguration;
			buildSettings = {
				ASSETCATALOG_COMPILER_APPICON_NAME = AppIcon;
				INFOPLIST_FILE = lionsAndTigers/Info.plist;
				LD_RUNPATH_SEARCH_PATHS = "$(inherited) @executable_path/Frameworks";
				PRODUCT_NAME = "$(TARGET_NAME)";
			};
			name = Debug;
		};
		110F29E61A15C953003972F0 /* Release */ = {
			isa = XCBuildConfiguration;
			buildSettings = {
				ASSETCATALOG_COMPILER_APPICON_NAME = AppIcon;
				INFOPLIST_FILE = lionsAndTigers/Info.plist;
				LD_RUNPATH_SEARCH_PATHS = "$(inherited) @executable_path/Frameworks";
				PRODUCT_NAME = "$(TARGET_NAME)";
			};
			name = Release;
		};
		110F29E81A15C953003972F0 /* Debug */ = {
			isa = XCBuildConfiguration;
			buildSettings = {
				BUNDLE_LOADER = "$(TEST_HOST)";
				FRAMEWORK_SEARCH_PATHS = (
					"$(SDKROOT)/Developer/Library/Frameworks",
					"$(inherited)",
				);
				GCC_PREPROCESSOR_DEFINITIONS = (
					"DEBUG=1",
					"$(inherited)",
				);
				INFOPLIST_FILE = lionsAndTigersTests/Info.plist;
				LD_RUNPATH_SEARCH_PATHS = "$(inherited) @executable_path/Frameworks @loader_path/Frameworks";
				PRODUCT_NAME = "$(TARGET_NAME)";
				TEST_HOST = "$(BUILT_PRODUCTS_DIR)/lionsAndTigers.app/lionsAndTigers";
			};
			name = Debug;
		};
		110F29E91A15C953003972F0 /* Release */ = {
			isa = XCBuildConfiguration;
			buildSettings = {
				BUNDLE_LOADER = "$(TEST_HOST)";
				FRAMEWORK_SEARCH_PATHS = (
					"$(SDKROOT)/Developer/Library/Frameworks",
					"$(inherited)",
				);
				INFOPLIST_FILE = lionsAndTigersTests/Info.plist;
				LD_RUNPATH_SEARCH_PATHS = "$(inherited) @executable_path/Frameworks @loader_path/Frameworks";
				PRODUCT_NAME = "$(TARGET_NAME)";
				TEST_HOST = "$(BUILT_PRODUCTS_DIR)/lionsAndTigers.app/lionsAndTigers";
			};
			name = Release;
		};
/* End XCBuildConfiguration section */

/* Begin XCConfigurationList section */
		110F29C01A15C953003972F0 /* Build configuration list for PBXProject "lionsAndTigers" */ = {
			isa = XCConfigurationList;
			buildConfigurations = (
				110F29E21A15C953003972F0 /* Debug */,
				110F29E31A15C953003972F0 /* Release */,
			);
			defaultConfigurationIsVisible = 0;
			defaultConfigurationName = Release;
		};
		110F29E41A15C953003972F0 /* Build configuration list for PBXNativeTarget "lionsAndTigers" */ = {
			isa = XCConfigurationList;
			buildConfigurations = (
				110F29E51A15C953003972F0 /* Debug */,
				110F29E61A15C953003972F0 /* Release */,
			);
			defaultConfigurationIsVisible = 0;
		};
		110F29E71A15C953003972F0 /* Build configuration list for PBXNativeTarget "lionsAndTigersTests" */ = {
			isa = XCConfigurationList;
			buildConfigurations = (
				110F29E81A15C953003972F0 /* Debug */,
				110F29E91A15C953003972F0 /* Release */,
			);
			defaultConfigurationIsVisible = 0;
		};
/* End XCConfigurationList section */
	};
	rootObject = 110F29BD1A15C953003972F0 /* Project object */;
}
